
Microsoft Visual Studio Solution File, Format Version 12.00
# Visual Studio Version 17
VisualStudioVersion = 17.8.34511.84
MinimumVisualStudioVersion = 10.0.40219.1
Project("{8BC9CEB8-8B4A-11D0-8D11-00A0C91BC942}") = "Indoor Navigation", "Indoor Navigation\Indoor Navigation.vcxproj", "{DD718479-2967-4377-9A50-E9D9199F2B53}"
EndProject
Global
	GlobalSection(SolutionConfigurationPlatforms) = preSolution
		Debug|x64 = Debug|x64
		Debug|x86 = Debug|x86
		Release|x64 = Release|x64
		Release|x86 = Release|x86
	EndGlobalSection
	GlobalSection(ProjectConfigurationPlatforms) = postSolution
		{DD718479-2967-4377-9A50-E9D9199F2B53}.Debug|x64.ActiveCfg = Debug|x64
		{DD718479-2967-4377-9A50-E9D9199F2B53}.Debug|x64.Build.0 = Debug|x64
		{DD718479-2967-4377-9A50-E9D9199F2B53}.Debug|x86.ActiveCfg = Debug|Win32
		{DD718479-2967-4377-9A50-E9D9199F2B53}.Debug|x86.Build.0 = Debug|Win32
		{DD718479-2967-4377-9A50-E9D9199F2B53}.Release|x64.ActiveCfg = Release|x64
		{DD718479-2967-4377-9A50-E9D9199F2B53}.Release|x64.Build.0 = Release|x64
		{DD718479-2967-4377-9A50-E9D9199F2B53}.Release|x86.ActiveCfg = Release|Win32
		{DD718479-2967-4377-9A50-E9D9199F2B53}.Release|x86.Build.0 = Release|Win32
	EndGlobalSection
	GlobalSection(SolutionProperties) = preSolution
		HideSolutionNode = FALSE
	EndGlobalSection
	GlobalSection(ExtensibilityGlobals) = postSolution
		SolutionGuid = {9A3755BF-F7A6-481A-9630-42AFD9A92A51}
	EndGlobalSection
EndGlobal
